
Microsoft Visual Studio Solution File, Format Version 12.00
# Visual Studio Version 17
VisualStudioVersion = 17.9.34723.18
MinimumVisualStudioVersion = 10.0.40219.1
Project("{FAE04EC0-301F-11D3-BF4B-00C04F79EFBC}") = "Vols", "Vols.csproj", "{BC0BE6D2-7135-484E-BD1D-D9B6131032FF}"
EndProject
Global
	GlobalSection(SolutionConfigurationPlatforms) = preSolution
		Debug|Any CPU = Debug|Any CPU
		Release|Any CPU = Release|Any CPU
	EndGlobalSection
	GlobalSection(ProjectConfigurationPlatforms) = postSolution
		{BC0BE6D2-7135-484E-BD1D-D9B6131032FF}.Debug|Any CPU.ActiveCfg = Debug|Any CPU
		{BC0BE6D2-7135-484E-BD1D-D9B6131032FF}.Debug|Any CPU.Build.0 = Debug|Any CPU
		{BC0BE6D2-7135-484E-BD1D-D9B6131032FF}.Release|Any CPU.ActiveCfg = Release|Any CPU
		{BC0BE6D2-7135-484E-BD1D-D9B6131032FF}.Release|Any CPU.Build.0 = Release|Any CPU
	EndGlobalSection
	GlobalSection(SolutionProperties) = preSolution
		HideSolutionNode = FALSE
	EndGlobalSection
	GlobalSection(ExtensibilityGlobals) = postSolution
		SolutionGuid = {7BA30DE9-BFD1-4B99-8473-42BA3E309F53}
	EndGlobalSection
EndGlobal
